
Microsoft Visual Studio Solution File, Format Version 12.00
# Visual Studio 15
VisualStudioVersion = 15.0.28307.1684
MinimumVisualStudioVersion = 10.0.40219.1
Project("{2150E333-8FDC-42A3-9474-1A3956D46DE8}") = "Solution Items", "Solution Items", "{E899B02F-49C4-48FB-9DF9-1C3E0A099147}"
	ProjectSection(SolutionItems) = preProject
		.gitignore = .gitignore
	EndProjectSection
EndProject
Project("{FAE04EC0-301F-11D3-BF4B-00C04F79EFBC}") = "StoreFrontLab.UI.MVC", "StoreFrontLab.UI.MVC\StoreFrontLab.UI.MVC.csproj", "{653FD96B-3E02-459C-A06E-DF7556B79421}"
EndProject
Project("{FAE04EC0-301F-11D3-BF4B-00C04F79EFBC}") = "StoreFrontLab.DATA.EF", "StoreFrontLab.DATA.EF\StoreFrontLab.DATA.EF.csproj", "{88677DCB-2E84-4331-919D-950E3534D8C7}"
EndProject
Global
	GlobalSection(SolutionConfigurationPlatforms) = preSolution
		Debug|Any CPU = Debug|Any CPU
		Release|Any CPU = Release|Any CPU
	EndGlobalSection
	GlobalSection(ProjectConfigurationPlatforms) = postSolution
		{653FD96B-3E02-459C-A06E-DF7556B79421}.Debug|Any CPU.ActiveCfg = Debug|Any CPU
		{653FD96B-3E02-459C-A06E-DF7556B79421}.Debug|Any CPU.Build.0 = Debug|Any CPU
		{653FD96B-3E02-459C-A06E-DF7556B79421}.Release|Any CPU.ActiveCfg = Release|Any CPU
		{653FD96B-3E02-459C-A06E-DF7556B79421}.Release|Any CPU.Build.0 = Release|Any CPU
		{88677DCB-2E84-4331-919D-950E3534D8C7}.Debug|Any CPU.ActiveCfg = Debug|Any CPU
		{88677DCB-2E84-4331-919D-950E3534D8C7}.Debug|Any CPU.Build.0 = Debug|Any CPU
		{88677DCB-2E84-4331-919D-950E3534D8C7}.Release|Any CPU.ActiveCfg = Release|Any CPU
		{88677DCB-2E84-4331-919D-950E3534D8C7}.Release|Any CPU.Build.0 = Release|Any CPU
	EndGlobalSection
	GlobalSection(SolutionProperties) = preSolution
		HideSolutionNode = FALSE
	EndGlobalSection
	GlobalSection(ExtensibilityGlobals) = postSolution
		SolutionGuid = {AC3CFD7D-DBF6-462A-A5AB-3513967A417A}
	EndGlobalSection
EndGlobal
